
Microsoft Visual Studio Solution File, Format Version 12.00
# Visual Studio Version 16
VisualStudioVersion = 16.0.30002.166
MinimumVisualStudioVersion = 10.0.40219.1
Project("{9A19103F-16F7-4668-BE54-9A1E7A4F7556}") = "NGK-handin3", "NGK-handin3\NGK-handin3.csproj", "{05CE60F7-BA5C-4E72-A705-322485E7C742}"
EndProject
Global
	GlobalSection(SolutionConfigurationPlatforms) = preSolution
		Debug|Any CPU = Debug|Any CPU
		Release|Any CPU = Release|Any CPU
	EndGlobalSection
	GlobalSection(ProjectConfigurationPlatforms) = postSolution
		{05CE60F7-BA5C-4E72-A705-322485E7C742}.Debug|Any CPU.ActiveCfg = Debug|Any CPU
		{05CE60F7-BA5C-4E72-A705-322485E7C742}.Debug|Any CPU.Build.0 = Debug|Any CPU
		{05CE60F7-BA5C-4E72-A705-322485E7C742}.Release|Any CPU.ActiveCfg = Release|Any CPU
		{05CE60F7-BA5C-4E72-A705-322485E7C742}.Release|Any CPU.Build.0 = Release|Any CPU
	EndGlobalSection
	GlobalSection(SolutionProperties) = preSolution
		HideSolutionNode = FALSE
	EndGlobalSection
	GlobalSection(ExtensibilityGlobals) = postSolution
		SolutionGuid = {2D097AC8-2D83-41AE-996C-FDB4E450430E}
	EndGlobalSection
EndGlobal
